{
  "name": "ep_author_neat",
  "version": "0.0.32",
  "lockfileVersion": 1,
  "requires": true,
  "dependencies": {
    "LiveScript": {
      "version": "1.1.1",
      "resolved": "https://registry.npmjs.org/LiveScript/-/LiveScript-1.1.1.tgz",
      "integrity": "sha1-+EnfcrA+uEquI77EPtI4LCq0C00=",
      "dev": true,
      "requires": {
        "prelude-ls": ">= 0.6.0"
      }
    },
    "prelude-ls": {
      "version": "1.2.1",
      "resolved": "https://registry.npmjs.org/prelude-ls/-/prelude-ls-1.2.1.tgz",
      "integrity": "sha512-vkcDPrRZo1QZLbn5RLGPpg/WmIQ65qoWWhcGKf/b5eplkkarX0m9z8ppCat4mlOqUsWpyNuYgO3VRyrYHSzX5g==",
      "dev": true
    }
  }
}
